
Microsoft Visual Studio Solution File, Format Version 12.00
# Visual Studio 15
VisualStudioVersion = 15.0.28307.705
MinimumVisualStudioVersion = 10.0.40219.1
Project("{9A19103F-16F7-4668-BE54-9A1E7A4F7556}") = "AlbumCollection", "AlbumCollection\AlbumCollection.csproj", "{F6D1EE88-1600-44E8-A3A7-19AAF50DD779}"
EndProject
Project("{FAE04EC0-301F-11D3-BF4B-00C04F79EFBC}") = "AlbumCollection.Tests", "AlbumCollection.Tests\AlbumCollection.Tests.csproj", "{FEE38C26-1858-41C8-B57D-30F00F4ED7AD}"
EndProject
Global
	GlobalSection(SolutionConfigurationPlatforms) = preSolution
		Debug|Any CPU = Debug|Any CPU
		Release|Any CPU = Release|Any CPU
	EndGlobalSection
	GlobalSection(ProjectConfigurationPlatforms) = postSolution
		{F6D1EE88-1600-44E8-A3A7-19AAF50DD779}.Debug|Any CPU.ActiveCfg = Debug|Any CPU
		{F6D1EE88-1600-44E8-A3A7-19AAF50DD779}.Debug|Any CPU.Build.0 = Debug|Any CPU
		{F6D1EE88-1600-44E8-A3A7-19AAF50DD779}.Release|Any CPU.ActiveCfg = Release|Any CPU
		{F6D1EE88-1600-44E8-A3A7-19AAF50DD779}.Release|Any CPU.Build.0 = Release|Any CPU
		{FEE38C26-1858-41C8-B57D-30F00F4ED7AD}.Debug|Any CPU.ActiveCfg = Debug|Any CPU
		{FEE38C26-1858-41C8-B57D-30F00F4ED7AD}.Debug|Any CPU.Build.0 = Debug|Any CPU
		{FEE38C26-1858-41C8-B57D-30F00F4ED7AD}.Release|Any CPU.ActiveCfg = Release|Any CPU
		{FEE38C26-1858-41C8-B57D-30F00F4ED7AD}.Release|Any CPU.Build.0 = Release|Any CPU
	EndGlobalSection
	GlobalSection(SolutionProperties) = preSolution
		HideSolutionNode = FALSE
	EndGlobalSection
	GlobalSection(ExtensibilityGlobals) = postSolution
		SolutionGuid = {C4FC7D54-84AB-4AE5-938A-BB6CE5E46F05}
	EndGlobalSection
EndGlobal
